
Microsoft Visual Studio Solution File, Format Version 12.00
# Visual Studio Version 17
VisualStudioVersion = 17.11.35208.52
MinimumVisualStudioVersion = 10.0.40219.1
Project("{FAE04EC0-301F-11D3-BF4B-00C04F79EFBC}") = "Comments", "Comments.csproj", "{72B9DE2B-BA3D-41FB-9017-E8A728549A90}"
EndProject
Global
	GlobalSection(SolutionConfigurationPlatforms) = preSolution
		Debug|Any CPU = Debug|Any CPU
		Release|Any CPU = Release|Any CPU
	EndGlobalSection
	GlobalSection(ProjectConfigurationPlatforms) = postSolution
		{72B9DE2B-BA3D-41FB-9017-E8A728549A90}.Debug|Any CPU.ActiveCfg = Debug|Any CPU
		{72B9DE2B-BA3D-41FB-9017-E8A728549A90}.Debug|Any CPU.Build.0 = Debug|Any CPU
		{72B9DE2B-BA3D-41FB-9017-E8A728549A90}.Release|Any CPU.ActiveCfg = Release|Any CPU
		{72B9DE2B-BA3D-41FB-9017-E8A728549A90}.Release|Any CPU.Build.0 = Release|Any CPU
	EndGlobalSection
	GlobalSection(SolutionProperties) = preSolution
		HideSolutionNode = FALSE
	EndGlobalSection
	GlobalSection(ExtensibilityGlobals) = postSolution
		SolutionGuid = {ABFFCD23-804B-437D-BD14-22E317621777}
	EndGlobalSection
EndGlobal
